// !$*UTF8*$!
{
	archiveVersion = 1;
	classes = {
	};
	objectVersion = 56;
	objects = {

/* Begin PBXBuildFile section */
		908EB88D2AF535B9006F5411 /* appsync_models_apiApp.swift in Sources */ = {isa = PBXBuildFile; fileRef = 908EB88C2AF535B9006F5411 /* appsync_models_apiApp.swift */; };
		908EB88F2AF535B9006F5411 /* ContentView.swift in Sources */ = {isa = PBXBuildFile; fileRef = 908EB88E2AF535B9006F5411 /* ContentView.swift */; };
		908EB8912AF535BB006F5411 /* Assets.xcassets in Resources */ = {isa = PBXBuildFile; fileRef = 908EB8902AF535BB006F5411 /* Assets.xcassets */; };
		908EB8952AF535BB006F5411 /* Preview Assets.xcassets in Resources */ = {isa = PBXBuildFile; fileRef = 908EB8942AF535BB006F5411 /* Preview Assets.xcassets */; };
		908EB89F2AF535BB006F5411 /* appsync_models_apiTests.swift in Sources */ = {isa = PBXBuildFile; fileRef = 908EB89E2AF535BB006F5411 /* appsync_models_apiTests.swift */; };
		908EB8A92AF535BB006F5411 /* appsync_models_apiUITests.swift in Sources */ = {isa = PBXBuildFile; fileRef = 908EB8A82AF535BB006F5411 /* appsync_models_apiUITests.swift */; };
		908EB8AB2AF535BB006F5411 /* appsync_models_apiUITestsLaunchTests.swift in Sources */ = {isa = PBXBuildFile; fileRef = 908EB8AA2AF535BB006F5411 /* appsync_models_apiUITestsLaunchTests.swift */; };
/* End PBXBuildFile section */

/* Begin PBXContainerItemProxy section */
		908EB89B2AF535BB006F5411 /* PBXContainerItemProxy */ = {
			isa = PBXContainerItemProxy;
			containerPortal = 908EB8812AF535B9006F5411 /* Project object */;
			proxyType = 1;
			remoteGlobalIDString = 908EB8882AF535B9006F5411;
			remoteInfo = appsync_models_api;
		};
		908EB8A52AF535BB006F5411 /* PBXContainerItemProxy */ = {
			isa = PBXContainerItemProxy;
			containerPortal = 908EB8812AF535B9006F5411 /* Project object */;
			proxyType = 1;
			remoteGlobalIDString = 908EB8882AF535B9006F5411;
			remoteInfo = appsync_models_api;
		};
/* End PBXContainerItemProxy section */

/* Begin PBXFileReference section */
		908EB8892AF535B9006F5411 /* appsync_models_api.app */ = {isa = PBXFileReference; explicitFileType = wrapper.application; includeInIndex = 0; path = appsync_models_api.app; sourceTree = BUILT_PRODUCTS_DIR; };
		908EB88C2AF535B9006F5411 /* appsync_models_apiApp.swift */ = {isa = PBXFileReference; lastKnownFileType = sourcecode.swift; path = appsync_models_apiApp.swift; sourceTree = "<group>"; };
		908EB88E2AF535B9006F5411 /* ContentView.swift */ = {isa = PBXFileReference; lastKnownFileType = sourcecode.swift; path = ContentView.swift; sourceTree = "<group>"; };
		908EB8902AF535BB006F5411 /* Assets.xcassets */ = {isa = PBXFileReference; lastKnownFileType = folder.assetcatalog; path = Assets.xcassets; sourceTree = "<group>"; };
		908EB8922AF535BB006F5411 /* appsync_models_api.entitlements */ = {isa = PBXFileReference; lastKnownFileType = text.plist.entitlements; path = appsync_models_api.entitlements; sourceTree = "<group>"; };
		908EB8942AF535BB006F5411 /* Preview Assets.xcassets */ = {isa = PBXFileReference; lastKnownFileType = folder.assetcatalog; path = "Preview Assets.xcassets"; sourceTree = "<group>"; };
		908EB89A2AF535BB006F5411 /* appsync_models_apiTests.xctest */ = {isa = PBXFileReference; explicitFileType = wrapper.cfbundle; includeInIndex = 0; path = appsync_models_apiTests.xctest; sourceTree = BUILT_PRODUCTS_DIR; };
		908EB89E2AF535BB006F5411 /* appsync_models_apiTests.swift */ = {isa = PBXFileReference; lastKnownFileType = sourcecode.swift; path = appsync_models_apiTests.swift; sourceTree = "<group>"; };
		908EB8A42AF535BB006F5411 /* appsync_models_apiUITests.xctest */ = {isa = PBXFileReference; explicitFileType = wrapper.cfbundle; includeInIndex = 0; path = appsync_models_apiUITests.xctest; sourceTree = BUILT_PRODUCTS_DIR; };
		908EB8A82AF535BB006F5411 /* appsync_models_apiUITests.swift */ = {isa = PBXFileReference; lastKnownFileType = sourcecode.swift; path = appsync_models_apiUITests.swift; sourceTree = "<group>"; };
		908EB8AA2AF535BB006F5411 /* appsync_models_apiUITestsLaunchTests.swift */ = {isa = PBXFileReference; lastKnownFileType = sourcecode.swift; path = appsync_models_apiUITestsLaunchTests.swift; sourceTree = "<group>"; };
/* End PBXFileReference section */

/* Begin PBXFrameworksBuildPhase section */
		908EB8862AF535B9006F5411 /* Frameworks */ = {
			isa = PBXFrameworksBuildPhase;
			buildActionMask = 2147483647;
			files = (
			);
			runOnlyForDeploymentPostprocessing = 0;
		};
		908EB8972AF535BB006F5411 /* Frameworks */ = {
			isa = PBXFrameworksBuildPhase;
			buildActionMask = 2147483647;
			files = (
			);
			runOnlyForDeploymentPostprocessing = 0;
		};
		908EB8A12AF535BB006F5411 /* Frameworks */ = {
			isa = PBXFrameworksBuildPhase;
			buildActionMask = 2147483647;
			files = (
			);
			runOnlyForDeploymentPostprocessing = 0;
		};
/* End PBXFrameworksBuildPhase section */

/* Begin PBXGroup section */
		908EB8802AF535B9006F5411 = {
			isa = PBXGroup;
			children = (
				908EB88B2AF535B9006F5411 /* appsync_models_api */,
				908EB89D2AF535BB006F5411 /* appsync_models_apiTests */,
				908EB8A72AF535BB006F5411 /* appsync_models_apiUITests */,
				908EB88A2AF535B9006F5411 /* Products */,
			);
			sourceTree = "<group>";
		};
		908EB88A2AF535B9006F5411 /* Products */ = {
			isa = PBXGroup;
			children = (
				908EB8892AF535B9006F5411 /* appsync_models_api.app */,
				908EB89A2AF535BB006F5411 /* appsync_models_apiTests.xctest */,
				908EB8A42AF535BB006F5411 /* appsync_models_apiUITests.xctest */,
			);
			name = Products;
			sourceTree = "<group>";
		};
		908EB88B2AF535B9006F5411 /* appsync_models_api */ = {
			isa = PBXGroup;
			children = (
				908EB88C2AF535B9006F5411 /* appsync_models_apiApp.swift */,
				908EB88E2AF535B9006F5411 /* ContentView.swift */,
				908EB8902AF535BB006F5411 /* Assets.xcassets */,
				908EB8922AF535BB006F5411 /* appsync_models_api.entitlements */,
				908EB8932AF535BB006F5411 /* Preview Content */,
			);
			path = appsync_models_api;
			sourceTree = "<group>";
		};
		908EB8932AF535BB006F5411 /* Preview Content */ = {
			isa = PBXGroup;
			children = (
				908EB8942AF535BB006F5411 /* Preview Assets.xcassets */,
			);
			path = "Preview Content";
			sourceTree = "<group>";
		};
		908EB89D2AF535BB006F5411 /* appsync_models_apiTests */ = {
			isa = PBXGroup;
			children = (
				908EB89E2AF535BB006F5411 /* appsync_models_apiTests.swift */,
			);
			path = appsync_models_apiTests;
			sourceTree = "<group>";
		};
		908EB8A72AF535BB006F5411 /* appsync_models_apiUITests */ = {
			isa = PBXGroup;
			children = (
				908EB8A82AF535BB006F5411 /* appsync_models_apiUITests.swift */,
				908EB8AA2AF535BB006F5411 /* appsync_models_apiUITestsLaunchTests.swift */,
			);
			path = appsync_models_apiUITests;
			sourceTree = "<group>";
		};
/* End PBXGroup section */

/* Begin PBXNativeTarget section */
		908EB8882AF535B9006F5411 /* appsync_models_api */ = {
			isa = PBXNativeTarget;
			buildConfigurationList = 908EB8AE2AF535BB006F5411 /* Build configuration list for PBXNativeTarget "appsync_models_api" */;
			buildPhases = (
				908EB8852AF535B9006F5411 /* Sources */,
				908EB8862AF535B9006F5411 /* Frameworks */,
				908EB8872AF535B9006F5411 /* Resources */,
			);
			buildRules = (
			);
			dependencies = (
			);
			name = appsync_models_api;
			productName = appsync_models_api;
			productReference = 908EB8892AF535B9006F5411 /* appsync_models_api.app */;
			productType = "com.apple.product-type.application";
		};
		908EB8992AF535BB006F5411 /* appsync_models_apiTests */ = {
			isa = PBXNativeTarget;
			buildConfigurationList = 908EB8B12AF535BB006F5411 /* Build configuration list for PBXNativeTarget "appsync_models_apiTests" */;
			buildPhases = (
				908EB8962AF535BB006F5411 /* Sources */,
				908EB8972AF535BB006F5411 /* Frameworks */,
				908EB8982AF535BB006F5411 /* Resources */,
			);
			buildRules = (
			);
			dependencies = (
				908EB89C2AF535BB006F5411 /* PBXTargetDependency */,
			);
			name = appsync_models_apiTests;
			productName = appsync_models_apiTests;
			productReference = 908EB89A2AF535BB006F5411 /* appsync_models_apiTests.xctest */;
			productType = "com.apple.product-type.bundle.unit-test";
		};
		908EB8A32AF535BB006F5411 /* appsync_models_apiUITests */ = {
			isa = PBXNativeTarget;
			buildConfigurationList = 908EB8B42AF535BB006F5411 /* Build configuration list for PBXNativeTarget "appsync_models_apiUITests" */;
			buildPhases = (
				908EB8A02AF535BB006F5411 /* Sources */,
				908EB8A12AF535BB006F5411 /* Frameworks */,
				908EB8A22AF535BB006F5411 /* Resources */,
			);
			buildRules = (
			);
			dependencies = (
				908EB8A62AF535BB006F5411 /* PBXTargetDependency */,
			);
			name = appsync_models_apiUITests;
			productName = appsync_models_apiUITests;
			productReference = 908EB8A42AF535BB006F5411 /* appsync_models_apiUITests.xctest */;
			productType = "com.apple.product-type.bundle.ui-testing";
		};
/* End PBXNativeTarget section */

/* Begin PBXProject section */
		908EB8812AF535B9006F5411 /* Project object */ = {
			isa = PBXProject;
			attributes = {
				BuildIndependentTargetsInParallel = 1;
				LastSwiftUpdateCheck = 1500;
				LastUpgradeCheck = 1500;
				TargetAttributes = {
					908EB8882AF535B9006F5411 = {
						CreatedOnToolsVersion = 15.0.1;
					};
					908EB8992AF535BB006F5411 = {
						CreatedOnToolsVersion = 15.0.1;
						TestTargetID = 908EB8882AF535B9006F5411;
					};
					908EB8A32AF535BB006F5411 = {
						CreatedOnToolsVersion = 15.0.1;
						TestTargetID = 908EB8882AF535B9006F5411;
					};
				};
			};
			buildConfigurationList = 908EB8842AF535B9006F5411 /* Build configuration list for PBXProject "appsync_models_api" */;
			compatibilityVersion = "Xcode 14.0";
			developmentRegion = en;
			hasScannedForEncodings = 0;
			knownRegions = (
				en,
				Base,
			);
			mainGroup = 908EB8802AF535B9006F5411;
			productRefGroup = 908EB88A2AF535B9006F5411 /* Products */;
			projectDirPath = "";
			projectRoot = "";
			targets = (
				908EB8882AF535B9006F5411 /* appsync_models_api */,
				908EB8992AF535BB006F5411 /* appsync_models_apiTests */,
				908EB8A32AF535BB006F5411 /* appsync_models_apiUITests */,
			);
		};
/* End PBXProject section */

/* Begin PBXResourcesBuildPhase section */
		908EB8872AF535B9006F5411 /* Resources */ = {
			isa = PBXResourcesBuildPhase;
			buildActionMask = 2147483647;
			files = (
				908EB8952AF535BB006F5411 /* Preview Assets.xcassets in Resources */,
				908EB8912AF535BB006F5411 /* Assets.xcassets in Resources */,
			);
			runOnlyForDeploymentPostprocessing = 0;
		};
		908EB8982AF535BB006F5411 /* Resources */ = {
			isa = PBXResourcesBuildPhase;
			buildActionMask = 2147483647;
			files = (
			);
			runOnlyForDeploymentPostprocessing = 0;
		};
		908EB8A22AF535BB006F5411 /* Resources */ = {
			isa = PBXResourcesBuildPhase;
			buildActionMask = 2147483647;
			files = (
			);
			runOnlyForDeploymentPostprocessing = 0;
		};
/* End PBXResourcesBuildPhase section */

/* Begin PBXSourcesBuildPhase section */
		908EB8852AF535B9006F5411 /* Sources */ = {
			isa = PBXSourcesBuildPhase;
			buildActionMask = 2147483647;
			files = (
				908EB88F2AF535B9006F5411 /* ContentView.swift in Sources */,
				908EB88D2AF535B9006F5411 /* appsync_models_apiApp.swift in Sources */,
			);
			runOnlyForDeploymentPostprocessing = 0;
		};
		908EB8962AF535BB006F5411 /* Sources */ = {
			isa = PBXSourcesBuildPhase;
			buildActionMask = 2147483647;
			files = (
				908EB89F2AF535BB006F5411 /* appsync_models_apiTests.swift in Sources */,
			);
			runOnlyForDeploymentPostprocessing = 0;
		};
		908EB8A02AF535BB006F5411 /* Sources */ = {
			isa = PBXSourcesBuildPhase;
			buildActionMask = 2147483647;
			files = (
				908EB8AB2AF535BB006F5411 /* appsync_models_apiUITestsLaunchTests.swift in Sources */,
				908EB8A92AF535BB006F5411 /* appsync_models_apiUITests.swift in Sources */,
			);
			runOnlyForDeploymentPostprocessing = 0;
		};
/* End PBXSourcesBuildPhase section */

/* Begin PBXTargetDependency section */
		908EB89C2AF535BB006F5411 /* PBXTargetDependency */ = {
			isa = PBXTargetDependency;
			target = 908EB8882AF535B9006F5411 /* appsync_models_api */;
			targetProxy = 908EB89B2AF535BB006F5411 /* PBXContainerItemProxy */;
		};
		908EB8A62AF535BB006F5411 /* PBXTargetDependency */ = {
			isa = PBXTargetDependency;
			target = 908EB8882AF535B9006F5411 /* appsync_models_api */;
			targetProxy = 908EB8A52AF535BB006F5411 /* PBXContainerItemProxy */;
		};
/* End PBXTargetDependency section */

/* Begin XCBuildConfiguration section */
		908EB8AC2AF535BB006F5411 /* Debug */ = {
			isa = XCBuildConfiguration;
			buildSettings = {
				ALWAYS_SEARCH_USER_PATHS = NO;
				ASSETCATALOG_COMPILER_GENERATE_SWIFT_ASSET_SYMBOL_EXTENSIONS = YES;
				CLANG_ANALYZER_NONNULL = YES;
				CLANG_ANALYZER_NUMBER_OBJECT_CONVERSION = YES_AGGRESSIVE;
				CLANG_CXX_LANGUAGE_STANDARD = "gnu++20";
				CLANG_ENABLE_MODULES = YES;
				CLANG_ENABLE_OBJC_ARC = YES;
				CLANG_ENABLE_OBJC_WEAK = YES;
				CLANG_WARN_BLOCK_CAPTURE_AUTORELEASING = YES;
				CLANG_WARN_BOOL_CONVERSION = YES;
				CLANG_WARN_COMMA = YES;
				CLANG_WARN_CONSTANT_CONVERSION = YES;
				CLANG_WARN_DEPRECATED_OBJC_IMPLEMENTATIONS = YES;
				CLANG_WARN_DIRECT_OBJC_ISA_USAGE = YES_ERROR;
				CLANG_WARN_DOCUMENTATION_COMMENTS = YES;
				CLANG_WARN_EMPTY_BODY = YES;
				CLANG_WARN_ENUM_CONVERSION = YES;
				CLANG_WARN_INFINITE_RECURSION = YES;
				CLANG_WARN_INT_CONVERSION = YES;
				CLANG_WARN_NON_LITERAL_NULL_CONVERSION = YES;
				CLANG_WARN_OBJC_IMPLICIT_RETAIN_SELF = YES;
				CLANG_WARN_OBJC_LITERAL_CONVERSION = YES;
				CLANG_WARN_OBJC_ROOT_CLASS = YES_ERROR;
				CLANG_WARN_QUOTED_INCLUDE_IN_FRAMEWORK_HEADER = YES;
				CLANG_WARN_RANGE_LOOP_ANALYSIS = YES;
				CLANG_WARN_STRICT_PROTOTYPES = YES;
				CLANG_WARN_SUSPICIOUS_MOVE = YES;
				CLANG_WARN_UNGUARDED_AVAILABILITY = YES_AGGRESSIVE;
				CLANG_WARN_UNREACHABLE_CODE = YES;
				CLANG_WARN__DUPLICATE_METHOD_MATCH = YES;
				COPY_PHASE_STRIP = NO;
				DEBUG_INFORMATION_FORMAT = dwarf;
				ENABLE_STRICT_OBJC_MSGSEND = YES;
				ENABLE_TESTABILITY = YES;
				ENABLE_USER_SCRIPT_SANDBOXING = YES;
				GCC_C_LANGUAGE_STANDARD = gnu17;
				GCC_DYNAMIC_NO_PIC = NO;
				GCC_NO_COMMON_BLOCKS = YES;
				GCC_OPTIMIZATION_LEVEL = 0;
				GCC_PREPROCESSOR_DEFINITIONS = (
					"DEBUG=1",
					"$(inherited)",
				);
				GCC_WARN_64_TO_32_BIT_CONVERSION = YES;
				GCC_WARN_ABOUT_RETURN_TYPE = YES_ERROR;
				GCC_WARN_UNDECLARED_SELECTOR = YES;
				GCC_WARN_UNINITIALIZED_AUTOS = YES_AGGRESSIVE;
				GCC_WARN_UNUSED_FUNCTION = YES;
				GCC_WARN_UNUSED_VARIABLE = YES;
				LOCALIZATION_PREFERS_STRING_CATALOGS = YES;
				MTL_ENABLE_DEBUG_INFO = INCLUDE_SOURCE;
				MTL_FAST_MATH = YES;
				ONLY_ACTIVE_ARCH = YES;
				SWIFT_ACTIVE_COMPILATION_CONDITIONS = "DEBUG $(inherited)";
				SWIFT_OPTIMIZATION_LEVEL = "-Onone";
			};
			name = Debug;
		};
		908EB8AD2AF535BB006F5411 /* Release */ = {
			isa = XCBuildConfiguration;
			buildSettings = {
				ALWAYS_SEARCH_USER_PATHS = NO;
				ASSETCATALOG_COMPILER_GENERATE_SWIFT_ASSET_SYMBOL_EXTENSIONS = YES;
				CLANG_ANALYZER_NONNULL = YES;
				CLANG_ANALYZER_NUMBER_OBJECT_CONVERSION = YES_AGGRESSIVE;
				CLANG_CXX_LANGUAGE_STANDARD = "gnu++20";
				CLANG_ENABLE_MODULES = YES;
				CLANG_ENABLE_OBJC_ARC = YES;
				CLANG_ENABLE_OBJC_WEAK = YES;
				CLANG_WARN_BLOCK_CAPTURE_AUTORELEASING = YES;
				CLANG_WARN_BOOL_CONVERSION = YES;
				CLANG_WARN_COMMA = YES;
				CLANG_WARN_CONSTANT_CONVERSION = YES;
				CLANG_WARN_DEPRECATED_OBJC_IMPLEMENTATIONS = YES;
				CLANG_WARN_DIRECT_OBJC_ISA_USAGE = YES_ERROR;
				CLANG_WARN_DOCUMENTATION_COMMENTS = YES;
				CLANG_WARN_EMPTY_BODY = YES;
				CLANG_WARN_ENUM_CONVERSION = YES;
				CLANG_WARN_INFINITE_RECURSION = YES;
				CLANG_WARN_INT_CONVERSION = YES;
				CLANG_WARN_NON_LITERAL_NULL_CONVERSION = YES;
				CLANG_WARN_OBJC_IMPLICIT_RETAIN_SELF = YES;
				CLANG_WARN_OBJC_LITERAL_CONVERSION = YES;
				CLANG_WARN_OBJC_ROOT_CLASS = YES_ERROR;
				CLANG_WARN_QUOTED_INCLUDE_IN_FRAMEWORK_HEADER = YES;
				CLANG_WARN_RANGE_LOOP_ANALYSIS = YES;
				CLANG_WARN_STRICT_PROTOTYPES = YES;
				CLANG_WARN_SUSPICIOUS_MOVE = YES;
				CLANG_WARN_UNGUARDED_AVAILABILITY = YES_AGGRESSIVE;
				CLANG_WARN_UNREACHABLE_CODE = YES;
				CLANG_WARN__DUPLICATE_METHOD_MATCH = YES;
				COPY_PHASE_STRIP = NO;
				DEBUG_INFORMATION_FORMAT = "dwarf-with-dsym";
				ENABLE_NS_ASSERTIONS = NO;
				ENABLE_STRICT_OBJC_MSGSEND = YES;
				ENABLE_USER_SCRIPT_SANDBOXING = YES;
				GCC_C_LANGUAGE_STANDARD = gnu17;
				GCC_NO_COMMON_BLOCKS = YES;
				GCC_WARN_64_TO_32_BIT_CONVERSION = YES;
				GCC_WARN_ABOUT_RETURN_TYPE = YES_ERROR;
				GCC_WARN_UNDECLARED_SELECTOR = YES;
				GCC_WARN_UNINITIALIZED_AUTOS = YES_AGGRESSIVE;
				GCC_WARN_UNUSED_FUNCTION = YES;
				GCC_WARN_UNUSED_VARIABLE = YES;
				LOCALIZATION_PREFERS_STRING_CATALOGS = YES;
				MTL_ENABLE_DEBUG_INFO = NO;
				MTL_FAST_MATH = YES;
				SWIFT_COMPILATION_MODE = wholemodule;
			};
			name = Release;
		};
		908EB8AF2AF535BB006F5411 /* Debug */ = {
			isa = XCBuildConfiguration;
			buildSettings = {
				ASSETCATALOG_COMPILER_APPICON_NAME = AppIcon;
				ASSETCATALOG_COMPILER_GLOBAL_ACCENT_COLOR_NAME = AccentColor;
				CODE_SIGN_ENTITLEMENTS = appsync_models_api/appsync_models_api.entitlements;
				CODE_SIGN_STYLE = Automatic;
				CURRENT_PROJECT_VERSION = 1;
				DEVELOPMENT_ASSET_PATHS = "\"appsync_models_api/Preview Content\"";
				DEVELOPMENT_TEAM = WQ8PHYV36N;
				ENABLE_HARDENED_RUNTIME = YES;
				ENABLE_PREVIEWS = YES;
				GENERATE_INFOPLIST_FILE = YES;
				"INFOPLIST_KEY_UIApplicationSceneManifest_Generation[sdk=iphoneos*]" = YES;
				"INFOPLIST_KEY_UIApplicationSceneManifest_Generation[sdk=iphonesimulator*]" = YES;
				"INFOPLIST_KEY_UIApplicationSupportsIndirectInputEvents[sdk=iphoneos*]" = YES;
				"INFOPLIST_KEY_UIApplicationSupportsIndirectInputEvents[sdk=iphonesimulator*]" = YES;
				"INFOPLIST_KEY_UILaunchScreen_Generation[sdk=iphoneos*]" = YES;
				"INFOPLIST_KEY_UILaunchScreen_Generation[sdk=iphonesimulator*]" = YES;
				"INFOPLIST_KEY_UIStatusBarStyle[sdk=iphoneos*]" = UIStatusBarStyleDefault;
				"INFOPLIST_KEY_UIStatusBarStyle[sdk=iphonesimulator*]" = UIStatusBarStyleDefault;
				INFOPLIST_KEY_UISupportedInterfaceOrientations_iPad = "UIInterfaceOrientationPortrait UIInterfaceOrientationPortraitUpsideDown UIInterfaceOrientationLandscapeLeft UIInterfaceOrientationLandscapeRight";
				INFOPLIST_KEY_UISupportedInterfaceOrientations_iPhone = "UIInterfaceOrientationPortrait UIInterfaceOrientationLandscapeLeft UIInterfaceOrientationLandscapeRight";
				IPHONEOS_DEPLOYMENT_TARGET = 17.0;
				LD_RUNPATH_SEARCH_PATHS = "@executable_path/Frameworks";
				"LD_RUNPATH_SEARCH_PATHS[sdk=macosx*]" = "@executable_path/../Frameworks";
				MACOSX_DEPLOYMENT_TARGET = 13.5;
				MARKETING_VERSION = 1.0;
				PRODUCT_BUNDLE_IDENTIFIER = "io.coffee.appsync-models-api";
				PRODUCT_NAME = "$(TARGET_NAME)";
				SDKROOT = auto;
				SUPPORTED_PLATFORMS = "iphoneos iphonesimulator macosx";
				SWIFT_EMIT_LOC_STRINGS = YES;
				SWIFT_VERSION = 5.0;
				TARGETED_DEVICE_FAMILY = "1,2";
			};
			name = Debug;
		};
		908EB8B02AF535BB006F5411 /* Release */ = {
			isa = XCBuildConfiguration;
			buildSettings = {
				ASSETCATALOG_COMPILER_APPICON_NAME = AppIcon;
				ASSETCATALOG_COMPILER_GLOBAL_ACCENT_COLOR_NAME = AccentColor;
				CODE_SIGN_ENTITLEMENTS = appsync_models_api/appsync_models_api.entitlements;
				CODE_SIGN_STYLE = Automatic;
				CURRENT_PROJECT_VERSION = 1;
				DEVELOPMENT_ASSET_PATHS = "\"appsync_models_api/Preview Content\"";
				DEVELOPMENT_TEAM = WQ8PHYV36N;
				ENABLE_HARDENED_RUNTIME = YES;
				ENABLE_PREVIEWS = YES;
				GENERATE_INFOPLIST_FILE = YES;
				"INFOPLIST_KEY_UIApplicationSceneManifest_Generation[sdk=iphoneos*]" = YES;
				"INFOPLIST_KEY_UIApplicationSceneManifest_Generation[sdk=iphonesimulator*]" = YES;
				"INFOPLIST_KEY_UIApplicationSupportsIndirectInputEvents[sdk=iphoneos*]" = YES;
				"INFOPLIST_KEY_UIApplicationSupportsIndirectInputEvents[sdk=iphonesimulator*]" = YES;
				"INFOPLIST_KEY_UILaunchScreen_Generation[sdk=iphoneos*]" = YES;
				"INFOPLIST_KEY_UILaunchScreen_Generation[sdk=iphonesimulator*]" = YES;
				"INFOPLIST_KEY_UIStatusBarStyle[sdk=iphoneos*]" = UIStatusBarStyleDefault;
				"INFOPLIST_KEY_UIStatusBarStyle[sdk=iphonesimulator*]" = UIStatusBarStyleDefault;
				INFOPLIST_KEY_UISupportedInterfaceOrientations_iPad = "UIInterfaceOrientationPortrait UIInterfaceOrientationPortraitUpsideDown UIInterfaceOrientationLandscapeLeft UIInterfaceOrientationLandscapeRight";
				INFOPLIST_KEY_UISupportedInterfaceOrientations_iPhone = "UIInterfaceOrientationPortrait UIInterfaceOrientationLandscapeLeft UIInterfaceOrientationLandscapeRight";
				IPHONEOS_DEPLOYMENT_TARGET = 17.0;
				LD_RUNPATH_SEARCH_PATHS = "@executable_path/Frameworks";
				"LD_RUNPATH_SEARCH_PATHS[sdk=macosx*]" = "@executable_path/../Frameworks";
				MACOSX_DEPLOYMENT_TARGET = 13.5;
				MARKETING_VERSION = 1.0;
				PRODUCT_BUNDLE_IDENTIFIER = "io.coffee.appsync-models-api";
				PRODUCT_NAME = "$(TARGET_NAME)";
				SDKROOT = auto;
				SUPPORTED_PLATFORMS = "iphoneos iphonesimulator macosx";
				SWIFT_EMIT_LOC_STRINGS = YES;
				SWIFT_VERSION = 5.0;
				TARGETED_DEVICE_FAMILY = "1,2";
			};
			name = Release;
		};
		908EB8B22AF535BB006F5411 /* Debug */ = {
			isa = XCBuildConfiguration;
			buildSettings = {
				ALWAYS_EMBED_SWIFT_STANDARD_LIBRARIES = YES;
				BUNDLE_LOADER = "$(TEST_HOST)";
				CODE_SIGN_STYLE = Automatic;
				CURRENT_PROJECT_VERSION = 1;
				DEVELOPMENT_TEAM = WQ8PHYV36N;
				GENERATE_INFOPLIST_FILE = YES;
				IPHONEOS_DEPLOYMENT_TARGET = 17.0;
				MACOSX_DEPLOYMENT_TARGET = 13.5;
				MARKETING_VERSION = 1.0;
				PRODUCT_BUNDLE_IDENTIFIER = "io.coffee.appsync-models-apiTests";
				PRODUCT_NAME = "$(TARGET_NAME)";
				SDKROOT = auto;
				SUPPORTED_PLATFORMS = "iphoneos iphonesimulator macosx";
				SWIFT_EMIT_LOC_STRINGS = NO;
				SWIFT_VERSION = 5.0;
				TARGETED_DEVICE_FAMILY = "1,2";
				TEST_HOST = "$(BUILT_PRODUCTS_DIR)/appsync_models_api.app/$(BUNDLE_EXECUTABLE_FOLDER_PATH)/appsync_models_api";
			};
			name = Debug;
		};
		908EB8B32AF535BB006F5411 /* Release */ = {
			isa = XCBuildConfiguration;
			buildSettings = {
				ALWAYS_EMBED_SWIFT_STANDARD_LIBRARIES = YES;
				BUNDLE_LOADER = "$(TEST_HOST)";
				CODE_SIGN_STYLE = Automatic;
				CURRENT_PROJECT_VERSION = 1;
				DEVELOPMENT_TEAM = WQ8PHYV36N;
				GENERATE_INFOPLIST_FILE = YES;
				IPHONEOS_DEPLOYMENT_TARGET = 17.0;
				MACOSX_DEPLOYMENT_TARGET = 13.5;
				MARKETING_VERSION = 1.0;
				PRODUCT_BUNDLE_IDENTIFIER = "io.coffee.appsync-models-apiTests";
				PRODUCT_NAME = "$(TARGET_NAME)";
				SDKROOT = auto;
				SUPPORTED_PLATFORMS = "iphoneos iphonesimulator macosx";
				SWIFT_EMIT_LOC_STRINGS = NO;
				SWIFT_VERSION = 5.0;
				TARGETED_DEVICE_FAMILY = "1,2";
				TEST_HOST = "$(BUILT_PRODUCTS_DIR)/appsync_models_api.app/$(BUNDLE_EXECUTABLE_FOLDER_PATH)/appsync_models_api";
			};
			name = Release;
		};
		908EB8B52AF535BB006F5411 /* Debug */ = {
			isa = XCBuildConfiguration;
			buildSettings = {
				ALWAYS_EMBED_SWIFT_STANDARD_LIBRARIES = YES;
				CODE_SIGN_STYLE = Automatic;
				CURRENT_PROJECT_VERSION = 1;
				DEVELOPMENT_TEAM = WQ8PHYV36N;
				GENERATE_INFOPLIST_FILE = YES;
				IPHONEOS_DEPLOYMENT_TARGET = 17.0;
				MACOSX_DEPLOYMENT_TARGET = 13.5;
				MARKETING_VERSION = 1.0;
				PRODUCT_BUNDLE_IDENTIFIER = "io.coffee.appsync-models-apiUITests";
				PRODUCT_NAME = "$(TARGET_NAME)";
				SDKROOT = auto;
				SUPPORTED_PLATFORMS = "iphoneos iphonesimulator macosx";
				SWIFT_EMIT_LOC_STRINGS = NO;
				SWIFT_VERSION = 5.0;
				TARGETED_DEVICE_FAMILY = "1,2";
				TEST_TARGET_NAME = appsync_models_api;
			};
			name = Debug;
		};
		908EB8B62AF535BB006F5411 /* Release */ = {
			isa = XCBuildConfiguration;
			buildSettings = {
				ALWAYS_EMBED_SWIFT_STANDARD_LIBRARIES = YES;
				CODE_SIGN_STYLE = Automatic;
				CURRENT_PROJECT_VERSION = 1;
				DEVELOPMENT_TEAM = WQ8PHYV36N;
				GENERATE_INFOPLIST_FILE = YES;
				IPHONEOS_DEPLOYMENT_TARGET = 17.0;
				MACOSX_DEPLOYMENT_TARGET = 13.5;
				MARKETING_VERSION = 1.0;
				PRODUCT_BUNDLE_IDENTIFIER = "io.coffee.appsync-models-apiUITests";
				PRODUCT_NAME = "$(TARGET_NAME)";
				SDKROOT = auto;
				SUPPORTED_PLATFORMS = "iphoneos iphonesimulator macosx";
				SWIFT_EMIT_LOC_STRINGS = NO;
				SWIFT_VERSION = 5.0;
				TARGETED_DEVICE_FAMILY = "1,2";
				TEST_TARGET_NAME = appsync_models_api;
			};
			name = Release;
		};
/* End XCBuildConfiguration section */

/* Begin XCConfigurationList section */
		908EB8842AF535B9006F5411 /* Build configuration list for PBXProject "appsync_models_api" */ = {
			isa = XCConfigurationList;
			buildConfigurations = (
				908EB8AC2AF535BB006F5411 /* Debug */,
				908EB8AD2AF535BB006F5411 /* Release */,
			);
			defaultConfigurationIsVisible = 0;
			defaultConfigurationName = Release;
		};
		908EB8AE2AF535BB006F5411 /* Build configuration list for PBXNativeTarget "appsync_models_api" */ = {
			isa = XCConfigurationList;
			buildConfigurations = (
				908EB8AF2AF535BB006F5411 /* Debug */,
				908EB8B02AF535BB006F5411 /* Release */,
			);
			defaultConfigurationIsVisible = 0;
			defaultConfigurationName = Release;
		};
		908EB8B12AF535BB006F5411 /* Build configuration list for PBXNativeTarget "appsync_models_apiTests" */ = {
			isa = XCConfigurationList;
			buildConfigurations = (
				908EB8B22AF535BB006F5411 /* Debug */,
				908EB8B32AF535BB006F5411 /* Release */,
			);
			defaultConfigurationIsVisible = 0;
			defaultConfigurationName = Release;
		};
		908EB8B42AF535BB006F5411 /* Build configuration list for PBXNativeTarget "appsync_models_apiUITests" */ = {
			isa = XCConfigurationList;
			buildConfigurations = (
				908EB8B52AF535BB006F5411 /* Debug */,
				908EB8B62AF535BB006F5411 /* Release */,
			);
			defaultConfigurationIsVisible = 0;
			defaultConfigurationName = Release;
		};
/* End XCConfigurationList section */
	};
	rootObject = 908EB8812AF535B9006F5411 /* Project object */;
}
